
Microsoft Visual Studio Solution File, Format Version 11.00
# Visual Studio 2010
Project("{FAE04EC0-301F-11D3-BF4B-00C04F79EFBC}") = "EntityGraphTest.Web", "EntityGraphTest.Web\EntityGraphTest.Web.csproj", "{8F76C20D-56AB-41CB-9B78-10B4726543E6}"
EndProject
Project("{2150E333-8FDC-42A3-9474-1A3956D46DE8}") = "EntityGraphTest", "EntityGraphTest", "{195DCDAF-3CE3-4963-8DEA-D1E85AEA8C6E}"
EndProject
Project("{FAE04EC0-301F-11D3-BF4B-00C04F79EFBC}") = "EntityGraphTest", "EntityGraphTest\EntityGraphTest.csproj", "{1D79F315-BDF3-4F3B-9C68-B307CA95DC1C}"
	ProjectSection(ProjectDependencies) = postProject
		{8F76C20D-56AB-41CB-9B78-10B4726543E6} = {8F76C20D-56AB-41CB-9B78-10B4726543E6}
	EndProjectSection
EndProject
Project("{2150E333-8FDC-42A3-9474-1A3956D46DE8}") = "EntityGraph", "EntityGraph", "{608E6050-2682-4E6C-86EF-DF98F9A21C1C}"
EndProject
Project("{FAE04EC0-301F-11D3-BF4B-00C04F79EFBC}") = "EntityGraph.Web", "EntityGraph.Web\EntityGraph.Web.csproj", "{DCCBB9AE-C321-42DB-A49A-73A0529D4D6B}"
EndProject
Project("{FAE04EC0-301F-11D3-BF4B-00C04F79EFBC}") = "EntityGraph", "EntityGraph\EntityGraph.csproj", "{32DF13C4-B558-4A27-B29A-E69CD6AAFC0B}"
	ProjectSection(ProjectDependencies) = postProject
		{DCCBB9AE-C321-42DB-A49A-73A0529D4D6B} = {DCCBB9AE-C321-42DB-A49A-73A0529D4D6B}
	EndProjectSection
EndProject
Project("{FAE04EC0-301F-11D3-BF4B-00C04F79EFBC}") = "Utilities", "Utilities\Utilities.csproj", "{BB7691B2-0BDC-41E5-A9AA-551FAB01055F}"
EndProject
Project("{2150E333-8FDC-42A3-9474-1A3956D46DE8}") = "DataValidationFramework", "DataValidationFramework", "{FA66F274-3086-44F0-B6EC-4C77C4806E7F}"
EndProject
Project("{FAE04EC0-301F-11D3-BF4B-00C04F79EFBC}") = "DataValidationFramework.Net", "..\DataValidationFramework\DataValidationFramework.Net\DataValidationFramework.Net.csproj", "{E1F14354-89AF-4282-8E56-5D4B00A78150}"
EndProject
Project("{FAE04EC0-301F-11D3-BF4B-00C04F79EFBC}") = "DataValidationFramework", "..\DataValidationFramework\DataValidationFramework\DataValidationFramework.csproj", "{E4232D70-AF05-4F20-AEB0-703E3B3F96BE}"
	ProjectSection(ProjectDependencies) = postProject
		{E1F14354-89AF-4282-8E56-5D4B00A78150} = {E1F14354-89AF-4282-8E56-5D4B00A78150}
		{E1F14354-89AF-4282-8E56-5D4B00A78150} = {E1F14354-89AF-4282-8E56-5D4B00A78150}
	EndProjectSection
EndProject
Global
	GlobalSection(SolutionConfigurationPlatforms) = preSolution
		Debug|Any CPU = Debug|Any CPU
		Debug|Mixed Platforms = Debug|Mixed Platforms
		Debug|x86 = Debug|x86
		Release|Any CPU = Release|Any CPU
		Release|Mixed Platforms = Release|Mixed Platforms
		Release|x86 = Release|x86
	EndGlobalSection
	GlobalSection(ProjectConfigurationPlatforms) = postSolution
		{8F76C20D-56AB-41CB-9B78-10B4726543E6}.Debug|Any CPU.ActiveCfg = Debug|Any CPU
		{8F76C20D-56AB-41CB-9B78-10B4726543E6}.Debug|Any CPU.Build.0 = Debug|Any CPU
		{8F76C20D-56AB-41CB-9B78-10B4726543E6}.Debug|Mixed Platforms.ActiveCfg = Debug|Any CPU
		{8F76C20D-56AB-41CB-9B78-10B4726543E6}.Debug|Mixed Platforms.Build.0 = Debug|Any CPU
		{8F76C20D-56AB-41CB-9B78-10B4726543E6}.Debug|x86.ActiveCfg = Debug|Any CPU
		{8F76C20D-56AB-41CB-9B78-10B4726543E6}.Release|Any CPU.ActiveCfg = Release|Any CPU
		{8F76C20D-56AB-41CB-9B78-10B4726543E6}.Release|Any CPU.Build.0 = Release|Any CPU
		{8F76C20D-56AB-41CB-9B78-10B4726543E6}.Release|Mixed Platforms.ActiveCfg = Release|Any CPU
		{8F76C20D-56AB-41CB-9B78-10B4726543E6}.Release|Mixed Platforms.Build.0 = Release|Any CPU
		{8F76C20D-56AB-41CB-9B78-10B4726543E6}.Release|x86.ActiveCfg = Release|Any CPU
		{1D79F315-BDF3-4F3B-9C68-B307CA95DC1C}.Debug|Any CPU.ActiveCfg = Debug|Any CPU
		{1D79F315-BDF3-4F3B-9C68-B307CA95DC1C}.Debug|Any CPU.Build.0 = Debug|Any CPU
		{1D79F315-BDF3-4F3B-9C68-B307CA95DC1C}.Debug|Mixed Platforms.ActiveCfg = Debug|Any CPU
		{1D79F315-BDF3-4F3B-9C68-B307CA95DC1C}.Debug|Mixed Platforms.Build.0 = Debug|Any CPU
		{1D79F315-BDF3-4F3B-9C68-B307CA95DC1C}.Debug|x86.ActiveCfg = Debug|Any CPU
		{1D79F315-BDF3-4F3B-9C68-B307CA95DC1C}.Release|Any CPU.ActiveCfg = Release|Any CPU
		{1D79F315-BDF3-4F3B-9C68-B307CA95DC1C}.Release|Any CPU.Build.0 = Release|Any CPU
		{1D79F315-BDF3-4F3B-9C68-B307CA95DC1C}.Release|Mixed Platforms.ActiveCfg = Release|Any CPU
		{1D79F315-BDF3-4F3B-9C68-B307CA95DC1C}.Release|Mixed Platforms.Build.0 = Release|Any CPU
		{1D79F315-BDF3-4F3B-9C68-B307CA95DC1C}.Release|x86.ActiveCfg = Release|Any CPU
		{DCCBB9AE-C321-42DB-A49A-73A0529D4D6B}.Debug|Any CPU.ActiveCfg = Debug|Any CPU
		{DCCBB9AE-C321-42DB-A49A-73A0529D4D6B}.Debug|Any CPU.Build.0 = Debug|Any CPU
		{DCCBB9AE-C321-42DB-A49A-73A0529D4D6B}.Debug|Mixed Platforms.ActiveCfg = Debug|Any CPU
		{DCCBB9AE-C321-42DB-A49A-73A0529D4D6B}.Debug|Mixed Platforms.Build.0 = Debug|Any CPU
		{DCCBB9AE-C321-42DB-A49A-73A0529D4D6B}.Debug|x86.ActiveCfg = Debug|Any CPU
		{DCCBB9AE-C321-42DB-A49A-73A0529D4D6B}.Release|Any CPU.ActiveCfg = Release|Any CPU
		{DCCBB9AE-C321-42DB-A49A-73A0529D4D6B}.Release|Any CPU.Build.0 = Release|Any CPU
		{DCCBB9AE-C321-42DB-A49A-73A0529D4D6B}.Release|Mixed Platforms.ActiveCfg = Release|Any CPU
		{DCCBB9AE-C321-42DB-A49A-73A0529D4D6B}.Release|Mixed Platforms.Build.0 = Release|Any CPU
		{DCCBB9AE-C321-42DB-A49A-73A0529D4D6B}.Release|x86.ActiveCfg = Release|Any CPU
		{32DF13C4-B558-4A27-B29A-E69CD6AAFC0B}.Debug|Any CPU.ActiveCfg = Debug|Any CPU
		{32DF13C4-B558-4A27-B29A-E69CD6AAFC0B}.Debug|Any CPU.Build.0 = Debug|Any CPU
		{32DF13C4-B558-4A27-B29A-E69CD6AAFC0B}.Debug|Mixed Platforms.ActiveCfg = Debug|Any CPU
		{32DF13C4-B558-4A27-B29A-E69CD6AAFC0B}.Debug|Mixed Platforms.Build.0 = Debug|Any CPU
		{32DF13C4-B558-4A27-B29A-E69CD6AAFC0B}.Debug|x86.ActiveCfg = Debug|Any CPU
		{32DF13C4-B558-4A27-B29A-E69CD6AAFC0B}.Release|Any CPU.ActiveCfg = Release|Any CPU
		{32DF13C4-B558-4A27-B29A-E69CD6AAFC0B}.Release|Any CPU.Build.0 = Release|Any CPU
		{32DF13C4-B558-4A27-B29A-E69CD6AAFC0B}.Release|Mixed Platforms.ActiveCfg = Release|Any CPU
		{32DF13C4-B558-4A27-B29A-E69CD6AAFC0B}.Release|Mixed Platforms.Build.0 = Release|Any CPU
		{32DF13C4-B558-4A27-B29A-E69CD6AAFC0B}.Release|x86.ActiveCfg = Release|Any CPU
		{BB7691B2-0BDC-41E5-A9AA-551FAB01055F}.Debug|Any CPU.ActiveCfg = Debug|x86
		{BB7691B2-0BDC-41E5-A9AA-551FAB01055F}.Debug|Mixed Platforms.ActiveCfg = Debug|x86
		{BB7691B2-0BDC-41E5-A9AA-551FAB01055F}.Debug|Mixed Platforms.Build.0 = Debug|x86
		{BB7691B2-0BDC-41E5-A9AA-551FAB01055F}.Debug|x86.ActiveCfg = Debug|x86
		{BB7691B2-0BDC-41E5-A9AA-551FAB01055F}.Debug|x86.Build.0 = Debug|x86
		{BB7691B2-0BDC-41E5-A9AA-551FAB01055F}.Release|Any CPU.ActiveCfg = Release|x86
		{BB7691B2-0BDC-41E5-A9AA-551FAB01055F}.Release|Mixed Platforms.ActiveCfg = Release|x86
		{BB7691B2-0BDC-41E5-A9AA-551FAB01055F}.Release|Mixed Platforms.Build.0 = Release|x86
		{BB7691B2-0BDC-41E5-A9AA-551FAB01055F}.Release|x86.ActiveCfg = Release|x86
		{BB7691B2-0BDC-41E5-A9AA-551FAB01055F}.Release|x86.Build.0 = Release|x86
		{E1F14354-89AF-4282-8E56-5D4B00A78150}.Debug|Any CPU.ActiveCfg = Debug|Any CPU
		{E1F14354-89AF-4282-8E56-5D4B00A78150}.Debug|Any CPU.Build.0 = Debug|Any CPU
		{E1F14354-89AF-4282-8E56-5D4B00A78150}.Debug|Mixed Platforms.ActiveCfg = Debug|Any CPU
		{E1F14354-89AF-4282-8E56-5D4B00A78150}.Debug|Mixed Platforms.Build.0 = Debug|Any CPU
		{E1F14354-89AF-4282-8E56-5D4B00A78150}.Debug|x86.ActiveCfg = Debug|Any CPU
		{E1F14354-89AF-4282-8E56-5D4B00A78150}.Release|Any CPU.ActiveCfg = Release|Any CPU
		{E1F14354-89AF-4282-8E56-5D4B00A78150}.Release|Any CPU.Build.0 = Release|Any CPU
		{E1F14354-89AF-4282-8E56-5D4B00A78150}.Release|Mixed Platforms.ActiveCfg = Release|Any CPU
		{E1F14354-89AF-4282-8E56-5D4B00A78150}.Release|Mixed Platforms.Build.0 = Release|Any CPU
		{E1F14354-89AF-4282-8E56-5D4B00A78150}.Release|x86.ActiveCfg = Release|Any CPU
		{E4232D70-AF05-4F20-AEB0-703E3B3F96BE}.Debug|Any CPU.ActiveCfg = Debug|Any CPU
		{E4232D70-AF05-4F20-AEB0-703E3B3F96BE}.Debug|Any CPU.Build.0 = Debug|Any CPU
		{E4232D70-AF05-4F20-AEB0-703E3B3F96BE}.Debug|Mixed Platforms.ActiveCfg = Debug|Any CPU
		{E4232D70-AF05-4F20-AEB0-703E3B3F96BE}.Debug|Mixed Platforms.Build.0 = Debug|Any CPU
		{E4232D70-AF05-4F20-AEB0-703E3B3F96BE}.Debug|x86.ActiveCfg = Debug|Any CPU
		{E4232D70-AF05-4F20-AEB0-703E3B3F96BE}.Release|Any CPU.ActiveCfg = Release|Any CPU
		{E4232D70-AF05-4F20-AEB0-703E3B3F96BE}.Release|Any CPU.Build.0 = Release|Any CPU
		{E4232D70-AF05-4F20-AEB0-703E3B3F96BE}.Release|Mixed Platforms.ActiveCfg = Release|Any CPU
		{E4232D70-AF05-4F20-AEB0-703E3B3F96BE}.Release|Mixed Platforms.Build.0 = Release|Any CPU
		{E4232D70-AF05-4F20-AEB0-703E3B3F96BE}.Release|x86.ActiveCfg = Release|Any CPU
	EndGlobalSection
	GlobalSection(SolutionProperties) = preSolution
		HideSolutionNode = FALSE
	EndGlobalSection
	GlobalSection(NestedProjects) = preSolution
		{8F76C20D-56AB-41CB-9B78-10B4726543E6} = {195DCDAF-3CE3-4963-8DEA-D1E85AEA8C6E}
		{1D79F315-BDF3-4F3B-9C68-B307CA95DC1C} = {195DCDAF-3CE3-4963-8DEA-D1E85AEA8C6E}
		{DCCBB9AE-C321-42DB-A49A-73A0529D4D6B} = {608E6050-2682-4E6C-86EF-DF98F9A21C1C}
		{32DF13C4-B558-4A27-B29A-E69CD6AAFC0B} = {608E6050-2682-4E6C-86EF-DF98F9A21C1C}
		{E1F14354-89AF-4282-8E56-5D4B00A78150} = {FA66F274-3086-44F0-B6EC-4C77C4806E7F}
		{E4232D70-AF05-4F20-AEB0-703E3B3F96BE} = {FA66F274-3086-44F0-B6EC-4C77C4806E7F}
	EndGlobalSection
EndGlobal
