
Microsoft Visual Studio Solution File, Format Version 11.00
# Visual Studio 2010
Project("{FAE04EC0-301F-11D3-BF4B-00C04F79EFBC}") = "RiaServicesContribTests.Web", "RiaServicesContribTests.Web\RiaServicesContribTests.Web.csproj", "{567077E6-6A19-48CB-AB62-F2BBB2B8248B}"
EndProject
Project("{FAE04EC0-301F-11D3-BF4B-00C04F79EFBC}") = "RiaServicesContribTests", "RiaServicesContribTests\RiaServicesContribTests.csproj", "{9BB2DB17-3DDC-4C8F-A5E9-D713A687886F}"
EndProject
Project("{2150E333-8FDC-42A3-9474-1A3956D46DE8}") = "EntityTools", "EntityTools", "{2904740F-B86C-4956-9CFB-8ED0BB9CAC93}"
EndProject
Project("{2150E333-8FDC-42A3-9474-1A3956D46DE8}") = "EntityGraph", "EntityGraph", "{1E5500AA-EA5C-4A12-99BE-6E12F2318BAE}"
EndProject
Project("{2150E333-8FDC-42A3-9474-1A3956D46DE8}") = "DataValidationFramework", "DataValidationFramework", "{85F372E0-BCF3-451F-AC7D-C8107B052F62}"
EndProject
Project("{FAE04EC0-301F-11D3-BF4B-00C04F79EFBC}") = "DataValidationFrameworkTests", "..\DataValidationFramework\DataValidationFrameworkTests.Silverlight\DataValidationFrameworkTests\DataValidationFrameworkTests.csproj", "{7D86DC6C-960F-4E88-BE05-D2A39A1CB5BF}"
EndProject
Project("{FAE04EC0-301F-11D3-BF4B-00C04F79EFBC}") = "DataValidationFrameworkTests.Web", "..\DataValidationFramework\DataValidationFrameworkTests.Silverlight\DataValidationFrameworkTests.Web\DataValidationFrameworkTests.Web.csproj", "{5406D7C4-35A7-474E-A28A-7810AA6E62E0}"
EndProject
Project("{FAE04EC0-301F-11D3-BF4B-00C04F79EFBC}") = "EntityGraphTests", "..\EntityGraph\EntityGraphTests.Silverlight\EntityGraphTests\EntityGraphTests.csproj", "{1D79F315-BDF3-4F3B-9C68-B307CA95DC1C}"
EndProject
Project("{FAE04EC0-301F-11D3-BF4B-00C04F79EFBC}") = "EntityGraphTests.Web", "..\EntityGraph\EntityGraphTests.Silverlight\EntityGraphTests.Web\EntityGraphTests.Web.csproj", "{8F76C20D-56AB-41CB-9B78-10B4726543E6}"
EndProject
Project("{FAE04EC0-301F-11D3-BF4B-00C04F79EFBC}") = "EntityToolsTests", "..\EntityTools\EntityToolsTests\EntityToolsTests.csproj", "{B7383841-EF3F-41E9-BB78-D6C53171C477}"
EndProject
Project("{FAE04EC0-301F-11D3-BF4B-00C04F79EFBC}") = "EntityToolsTests.Web", "..\EntityTools\EntityToolsTests.Web\EntityToolsTests.Web.csproj", "{7C0C75B1-3E49-4345-A162-5D62D2FBBBA1}"
EndProject
Global
	GlobalSection(SolutionConfigurationPlatforms) = preSolution
		Debug|Any CPU = Debug|Any CPU
		Debug|Mixed Platforms = Debug|Mixed Platforms
		Debug|x86 = Debug|x86
		Release|Any CPU = Release|Any CPU
		Release|Mixed Platforms = Release|Mixed Platforms
		Release|x86 = Release|x86
	EndGlobalSection
	GlobalSection(ProjectConfigurationPlatforms) = postSolution
		{567077E6-6A19-48CB-AB62-F2BBB2B8248B}.Debug|Any CPU.ActiveCfg = Debug|Any CPU
		{567077E6-6A19-48CB-AB62-F2BBB2B8248B}.Debug|Any CPU.Build.0 = Debug|Any CPU
		{567077E6-6A19-48CB-AB62-F2BBB2B8248B}.Debug|Mixed Platforms.ActiveCfg = Debug|Any CPU
		{567077E6-6A19-48CB-AB62-F2BBB2B8248B}.Debug|Mixed Platforms.Build.0 = Debug|Any CPU
		{567077E6-6A19-48CB-AB62-F2BBB2B8248B}.Debug|x86.ActiveCfg = Debug|Any CPU
		{567077E6-6A19-48CB-AB62-F2BBB2B8248B}.Release|Any CPU.ActiveCfg = Release|Any CPU
		{567077E6-6A19-48CB-AB62-F2BBB2B8248B}.Release|Any CPU.Build.0 = Release|Any CPU
		{567077E6-6A19-48CB-AB62-F2BBB2B8248B}.Release|Mixed Platforms.ActiveCfg = Release|Any CPU
		{567077E6-6A19-48CB-AB62-F2BBB2B8248B}.Release|Mixed Platforms.Build.0 = Release|Any CPU
		{567077E6-6A19-48CB-AB62-F2BBB2B8248B}.Release|x86.ActiveCfg = Release|Any CPU
		{9BB2DB17-3DDC-4C8F-A5E9-D713A687886F}.Debug|Any CPU.ActiveCfg = Debug|Any CPU
		{9BB2DB17-3DDC-4C8F-A5E9-D713A687886F}.Debug|Any CPU.Build.0 = Debug|Any CPU
		{9BB2DB17-3DDC-4C8F-A5E9-D713A687886F}.Debug|Mixed Platforms.ActiveCfg = Debug|Any CPU
		{9BB2DB17-3DDC-4C8F-A5E9-D713A687886F}.Debug|Mixed Platforms.Build.0 = Debug|Any CPU
		{9BB2DB17-3DDC-4C8F-A5E9-D713A687886F}.Debug|x86.ActiveCfg = Debug|Any CPU
		{9BB2DB17-3DDC-4C8F-A5E9-D713A687886F}.Release|Any CPU.ActiveCfg = Release|Any CPU
		{9BB2DB17-3DDC-4C8F-A5E9-D713A687886F}.Release|Any CPU.Build.0 = Release|Any CPU
		{9BB2DB17-3DDC-4C8F-A5E9-D713A687886F}.Release|Mixed Platforms.ActiveCfg = Release|Any CPU
		{9BB2DB17-3DDC-4C8F-A5E9-D713A687886F}.Release|Mixed Platforms.Build.0 = Release|Any CPU
		{9BB2DB17-3DDC-4C8F-A5E9-D713A687886F}.Release|x86.ActiveCfg = Release|Any CPU
		{7D86DC6C-960F-4E88-BE05-D2A39A1CB5BF}.Debug|Any CPU.ActiveCfg = Debug|Any CPU
		{7D86DC6C-960F-4E88-BE05-D2A39A1CB5BF}.Debug|Any CPU.Build.0 = Debug|Any CPU
		{7D86DC6C-960F-4E88-BE05-D2A39A1CB5BF}.Debug|Mixed Platforms.ActiveCfg = Debug|Any CPU
		{7D86DC6C-960F-4E88-BE05-D2A39A1CB5BF}.Debug|Mixed Platforms.Build.0 = Debug|Any CPU
		{7D86DC6C-960F-4E88-BE05-D2A39A1CB5BF}.Debug|x86.ActiveCfg = Debug|Any CPU
		{7D86DC6C-960F-4E88-BE05-D2A39A1CB5BF}.Release|Any CPU.ActiveCfg = Release|Any CPU
		{7D86DC6C-960F-4E88-BE05-D2A39A1CB5BF}.Release|Any CPU.Build.0 = Release|Any CPU
		{7D86DC6C-960F-4E88-BE05-D2A39A1CB5BF}.Release|Mixed Platforms.ActiveCfg = Release|Any CPU
		{7D86DC6C-960F-4E88-BE05-D2A39A1CB5BF}.Release|Mixed Platforms.Build.0 = Release|Any CPU
		{7D86DC6C-960F-4E88-BE05-D2A39A1CB5BF}.Release|x86.ActiveCfg = Release|Any CPU
		{5406D7C4-35A7-474E-A28A-7810AA6E62E0}.Debug|Any CPU.ActiveCfg = Debug|Any CPU
		{5406D7C4-35A7-474E-A28A-7810AA6E62E0}.Debug|Any CPU.Build.0 = Debug|Any CPU
		{5406D7C4-35A7-474E-A28A-7810AA6E62E0}.Debug|Mixed Platforms.ActiveCfg = Debug|Any CPU
		{5406D7C4-35A7-474E-A28A-7810AA6E62E0}.Debug|Mixed Platforms.Build.0 = Debug|Any CPU
		{5406D7C4-35A7-474E-A28A-7810AA6E62E0}.Debug|x86.ActiveCfg = Debug|Any CPU
		{5406D7C4-35A7-474E-A28A-7810AA6E62E0}.Release|Any CPU.ActiveCfg = Release|Any CPU
		{5406D7C4-35A7-474E-A28A-7810AA6E62E0}.Release|Any CPU.Build.0 = Release|Any CPU
		{5406D7C4-35A7-474E-A28A-7810AA6E62E0}.Release|Mixed Platforms.ActiveCfg = Release|Any CPU
		{5406D7C4-35A7-474E-A28A-7810AA6E62E0}.Release|Mixed Platforms.Build.0 = Release|Any CPU
		{5406D7C4-35A7-474E-A28A-7810AA6E62E0}.Release|x86.ActiveCfg = Release|Any CPU
		{1D79F315-BDF3-4F3B-9C68-B307CA95DC1C}.Debug|Any CPU.ActiveCfg = Debug|Any CPU
		{1D79F315-BDF3-4F3B-9C68-B307CA95DC1C}.Debug|Any CPU.Build.0 = Debug|Any CPU
		{1D79F315-BDF3-4F3B-9C68-B307CA95DC1C}.Debug|Mixed Platforms.ActiveCfg = Debug|Any CPU
		{1D79F315-BDF3-4F3B-9C68-B307CA95DC1C}.Debug|Mixed Platforms.Build.0 = Debug|Any CPU
		{1D79F315-BDF3-4F3B-9C68-B307CA95DC1C}.Debug|x86.ActiveCfg = Debug|Any CPU
		{1D79F315-BDF3-4F3B-9C68-B307CA95DC1C}.Release|Any CPU.ActiveCfg = Release|Any CPU
		{1D79F315-BDF3-4F3B-9C68-B307CA95DC1C}.Release|Any CPU.Build.0 = Release|Any CPU
		{1D79F315-BDF3-4F3B-9C68-B307CA95DC1C}.Release|Mixed Platforms.ActiveCfg = Release|Any CPU
		{1D79F315-BDF3-4F3B-9C68-B307CA95DC1C}.Release|Mixed Platforms.Build.0 = Release|Any CPU
		{1D79F315-BDF3-4F3B-9C68-B307CA95DC1C}.Release|x86.ActiveCfg = Release|Any CPU
		{8F76C20D-56AB-41CB-9B78-10B4726543E6}.Debug|Any CPU.ActiveCfg = Debug|Any CPU
		{8F76C20D-56AB-41CB-9B78-10B4726543E6}.Debug|Any CPU.Build.0 = Debug|Any CPU
		{8F76C20D-56AB-41CB-9B78-10B4726543E6}.Debug|Mixed Platforms.ActiveCfg = Debug|Any CPU
		{8F76C20D-56AB-41CB-9B78-10B4726543E6}.Debug|Mixed Platforms.Build.0 = Debug|Any CPU
		{8F76C20D-56AB-41CB-9B78-10B4726543E6}.Debug|x86.ActiveCfg = Debug|Any CPU
		{8F76C20D-56AB-41CB-9B78-10B4726543E6}.Release|Any CPU.ActiveCfg = Release|Any CPU
		{8F76C20D-56AB-41CB-9B78-10B4726543E6}.Release|Any CPU.Build.0 = Release|Any CPU
		{8F76C20D-56AB-41CB-9B78-10B4726543E6}.Release|Mixed Platforms.ActiveCfg = Release|Any CPU
		{8F76C20D-56AB-41CB-9B78-10B4726543E6}.Release|Mixed Platforms.Build.0 = Release|Any CPU
		{8F76C20D-56AB-41CB-9B78-10B4726543E6}.Release|x86.ActiveCfg = Release|Any CPU
		{B7383841-EF3F-41E9-BB78-D6C53171C477}.Debug|Any CPU.ActiveCfg = Debug|Any CPU
		{B7383841-EF3F-41E9-BB78-D6C53171C477}.Debug|Any CPU.Build.0 = Debug|Any CPU
		{B7383841-EF3F-41E9-BB78-D6C53171C477}.Debug|Mixed Platforms.ActiveCfg = Debug|Any CPU
		{B7383841-EF3F-41E9-BB78-D6C53171C477}.Debug|Mixed Platforms.Build.0 = Debug|Any CPU
		{B7383841-EF3F-41E9-BB78-D6C53171C477}.Debug|x86.ActiveCfg = Debug|Any CPU
		{B7383841-EF3F-41E9-BB78-D6C53171C477}.Release|Any CPU.ActiveCfg = Release|Any CPU
		{B7383841-EF3F-41E9-BB78-D6C53171C477}.Release|Any CPU.Build.0 = Release|Any CPU
		{B7383841-EF3F-41E9-BB78-D6C53171C477}.Release|Mixed Platforms.ActiveCfg = Release|Any CPU
		{B7383841-EF3F-41E9-BB78-D6C53171C477}.Release|Mixed Platforms.Build.0 = Release|Any CPU
		{B7383841-EF3F-41E9-BB78-D6C53171C477}.Release|x86.ActiveCfg = Release|Any CPU
		{7C0C75B1-3E49-4345-A162-5D62D2FBBBA1}.Debug|Any CPU.ActiveCfg = Debug|Any CPU
		{7C0C75B1-3E49-4345-A162-5D62D2FBBBA1}.Debug|Any CPU.Build.0 = Debug|Any CPU
		{7C0C75B1-3E49-4345-A162-5D62D2FBBBA1}.Debug|Mixed Platforms.ActiveCfg = Debug|Any CPU
		{7C0C75B1-3E49-4345-A162-5D62D2FBBBA1}.Debug|Mixed Platforms.Build.0 = Debug|Any CPU
		{7C0C75B1-3E49-4345-A162-5D62D2FBBBA1}.Debug|x86.ActiveCfg = Debug|Any CPU
		{7C0C75B1-3E49-4345-A162-5D62D2FBBBA1}.Release|Any CPU.ActiveCfg = Release|Any CPU
		{7C0C75B1-3E49-4345-A162-5D62D2FBBBA1}.Release|Any CPU.Build.0 = Release|Any CPU
		{7C0C75B1-3E49-4345-A162-5D62D2FBBBA1}.Release|Mixed Platforms.ActiveCfg = Release|Any CPU
		{7C0C75B1-3E49-4345-A162-5D62D2FBBBA1}.Release|Mixed Platforms.Build.0 = Release|Any CPU
		{7C0C75B1-3E49-4345-A162-5D62D2FBBBA1}.Release|x86.ActiveCfg = Release|Any CPU
	EndGlobalSection
	GlobalSection(SolutionProperties) = preSolution
		HideSolutionNode = FALSE
	EndGlobalSection
	GlobalSection(NestedProjects) = preSolution
		{B7383841-EF3F-41E9-BB78-D6C53171C477} = {2904740F-B86C-4956-9CFB-8ED0BB9CAC93}
		{7C0C75B1-3E49-4345-A162-5D62D2FBBBA1} = {2904740F-B86C-4956-9CFB-8ED0BB9CAC93}
		{1D79F315-BDF3-4F3B-9C68-B307CA95DC1C} = {1E5500AA-EA5C-4A12-99BE-6E12F2318BAE}
		{8F76C20D-56AB-41CB-9B78-10B4726543E6} = {1E5500AA-EA5C-4A12-99BE-6E12F2318BAE}
		{7D86DC6C-960F-4E88-BE05-D2A39A1CB5BF} = {85F372E0-BCF3-451F-AC7D-C8107B052F62}
		{5406D7C4-35A7-474E-A28A-7810AA6E62E0} = {85F372E0-BCF3-451F-AC7D-C8107B052F62}
	EndGlobalSection
EndGlobal
