
Microsoft Visual Studio Solution File, Format Version 11.00
# Visual Studio 2010
Project("{2150E333-8FDC-42A3-9474-1A3956D46DE8}") = "Package", "Package", "{52E5BFFE-A296-4C8B-918E-76DB023D702F}"
	ProjectSection(SolutionItems) = preProject
		Package\RiaServicesContrib.EntityFramework.Scaffolding.nuspec = Package\RiaServicesContrib.EntityFramework.Scaffolding.nuspec
	EndProjectSection
EndProject
Project("{2150E333-8FDC-42A3-9474-1A3956D46DE8}") = "tools", "tools", "{3FC70A7E-6F84-4389-B7DA-51D59CA902F4}"
EndProject
Project("{2150E333-8FDC-42A3-9474-1A3956D46DE8}") = "RiaContribEFDomainService", "RiaContribEFDomainService", "{2AA0B294-DB22-41A1-AE9B-83CB5520B488}"
	ProjectSection(SolutionItems) = preProject
		Package\tools\RiaContribEFDomainService\RiaContribEFDomainService.ps1 = Package\tools\RiaContribEFDomainService\RiaContribEFDomainService.ps1
		Package\tools\RiaContribEFDomainService\RiaContribEFDomainServiceMember.cs.t4 = Package\tools\RiaContribEFDomainService\RiaContribEFDomainServiceMember.cs.t4
		Package\tools\RiaContribEFDomainService\RiaContribEFDomainServiceTemplate.cs.t4 = Package\tools\RiaContribEFDomainService\RiaContribEFDomainServiceTemplate.cs.t4
	EndProjectSection
EndProject
Project("{2150E333-8FDC-42A3-9474-1A3956D46DE8}") = "Content", "Content", "{04F08ED5-3C83-46CC-B23A-A7EA4FA1A4E3}"
EndProject
Project("{2150E333-8FDC-42A3-9474-1A3956D46DE8}") = "RiaContribEFDomainService", "RiaContribEFDomainService", "{7FC7A83E-0E95-4F58-93EE-D8CE734EFC33}"
	ProjectSection(SolutionItems) = preProject
		Package\content\RiaContribEFDomainService\Dummy7D62A6D1.cs = Package\content\RiaContribEFDomainService\Dummy7D62A6D1.cs
	EndProjectSection
EndProject
Global
	GlobalSection(TeamFoundationVersionControl) = preSolution
		SccNumberOfProjects = 1
		SccEnterpriseProvider = {4CA58AB2-18FA-4F8D-95D4-32DDF27D184C}
		SccTeamFoundationServer = https://tfs.codeplex.com/tfs/tfs10
		SccLocalPath0 = .
	EndGlobalSection
	GlobalSection(SolutionProperties) = preSolution
		HideSolutionNode = FALSE
	EndGlobalSection
	GlobalSection(NestedProjects) = preSolution
		{3FC70A7E-6F84-4389-B7DA-51D59CA902F4} = {52E5BFFE-A296-4C8B-918E-76DB023D702F}
		{04F08ED5-3C83-46CC-B23A-A7EA4FA1A4E3} = {52E5BFFE-A296-4C8B-918E-76DB023D702F}
		{2AA0B294-DB22-41A1-AE9B-83CB5520B488} = {3FC70A7E-6F84-4389-B7DA-51D59CA902F4}
		{7FC7A83E-0E95-4F58-93EE-D8CE734EFC33} = {04F08ED5-3C83-46CC-B23A-A7EA4FA1A4E3}
	EndGlobalSection
EndGlobal
