
Microsoft Visual Studio Solution File, Format Version 11.00
# Visual Studio 2010
Project("{2150E333-8FDC-42A3-9474-1A3956D46DE8}") = "DataValidationFramework", "DataValidationFramework", "{FA66F274-3086-44F0-B6EC-4C77C4806E7F}"
EndProject
Project("{FAE04EC0-301F-11D3-BF4B-00C04F79EFBC}") = "DataValidationFramework.Net", "DataValidationFramework.Net\DataValidationFramework.Net.csproj", "{E1F14354-89AF-4282-8E56-5D4B00A78150}"
EndProject
Project("{FAE04EC0-301F-11D3-BF4B-00C04F79EFBC}") = "DataValidationFramework", "DataValidationFramework\DataValidationFramework.csproj", "{E4232D70-AF05-4F20-AEB0-703E3B3F96BE}"
	ProjectSection(ProjectDependencies) = postProject
		{E1F14354-89AF-4282-8E56-5D4B00A78150} = {E1F14354-89AF-4282-8E56-5D4B00A78150}
	EndProjectSection
EndProject
Global
	GlobalSection(SolutionConfigurationPlatforms) = preSolution
		Debug|Any CPU = Debug|Any CPU
		Release|Any CPU = Release|Any CPU
	EndGlobalSection
	GlobalSection(ProjectConfigurationPlatforms) = postSolution
		{E1F14354-89AF-4282-8E56-5D4B00A78150}.Debug|Any CPU.ActiveCfg = Debug|Any CPU
		{E1F14354-89AF-4282-8E56-5D4B00A78150}.Debug|Any CPU.Build.0 = Debug|Any CPU
		{E1F14354-89AF-4282-8E56-5D4B00A78150}.Release|Any CPU.ActiveCfg = Release|Any CPU
		{E1F14354-89AF-4282-8E56-5D4B00A78150}.Release|Any CPU.Build.0 = Release|Any CPU
		{E4232D70-AF05-4F20-AEB0-703E3B3F96BE}.Debug|Any CPU.ActiveCfg = Debug|Any CPU
		{E4232D70-AF05-4F20-AEB0-703E3B3F96BE}.Debug|Any CPU.Build.0 = Debug|Any CPU
		{E4232D70-AF05-4F20-AEB0-703E3B3F96BE}.Release|Any CPU.ActiveCfg = Release|Any CPU
		{E4232D70-AF05-4F20-AEB0-703E3B3F96BE}.Release|Any CPU.Build.0 = Release|Any CPU
	EndGlobalSection
	GlobalSection(SolutionProperties) = preSolution
		HideSolutionNode = FALSE
	EndGlobalSection
	GlobalSection(NestedProjects) = preSolution
		{E1F14354-89AF-4282-8E56-5D4B00A78150} = {FA66F274-3086-44F0-B6EC-4C77C4806E7F}
		{E4232D70-AF05-4F20-AEB0-703E3B3F96BE} = {FA66F274-3086-44F0-B6EC-4C77C4806E7F}
	EndGlobalSection
EndGlobal
